
Microsoft Visual Studio Solution File, Format Version 12.00
# Visual Studio Version 17
VisualStudioVersion = 17.5.33516.290
MinimumVisualStudioVersion = 10.0.40219.1
Project("{FAE04EC0-301F-11D3-BF4B-00C04F79EFBC}") = "Codebase.MarsRover.Console", "Codebase.MarsRover.Console\Codebase.MarsRover.Console.csproj", "{6BEA9A95-0A86-49CC-9C1F-7CCAD45A4757}"
EndProject
Global
	GlobalSection(SolutionConfigurationPlatforms) = preSolution
		Debug|Any CPU = Debug|Any CPU
		Release|Any CPU = Release|Any CPU
	EndGlobalSection
	GlobalSection(ProjectConfigurationPlatforms) = postSolution
		{6BEA9A95-0A86-49CC-9C1F-7CCAD45A4757}.Debug|Any CPU.ActiveCfg = Debug|Any CPU
		{6BEA9A95-0A86-49CC-9C1F-7CCAD45A4757}.Debug|Any CPU.Build.0 = Debug|Any CPU
		{6BEA9A95-0A86-49CC-9C1F-7CCAD45A4757}.Release|Any CPU.ActiveCfg = Release|Any CPU
		{6BEA9A95-0A86-49CC-9C1F-7CCAD45A4757}.Release|Any CPU.Build.0 = Release|Any CPU
	EndGlobalSection
	GlobalSection(SolutionProperties) = preSolution
		HideSolutionNode = FALSE
	EndGlobalSection
	GlobalSection(ExtensibilityGlobals) = postSolution
		SolutionGuid = {86491BE0-5526-4D5E-8A40-E3901CDCD7D8}
	EndGlobalSection
EndGlobal
